
Microsoft Visual Studio Solution File, Format Version 12.00
# Visual Studio Version 17
VisualStudioVersion = 17.14.36212.18 d17.14
MinimumVisualStudioVersion = 10.0.40219.1
Project("{2150E333-8FDC-42A3-9474-1A3956D46DE8}") = "docs", "docs", "{6C83A596-D32D-B35F-00DD-F0C99B673980}"
EndProject
Project("{2150E333-8FDC-42A3-9474-1A3956D46DE8}") = "src", "src", "{6E610B7A-9E5A-4D6C-9E03-CEF0D09BD1BD}"
EndProject
Project("{2150E333-8FDC-42A3-9474-1A3956D46DE8}") = "test", "test", "{921FA5AB-B3CA-4671-B951-BADBB768B545}"
EndProject
Project("{FAE04EC0-301F-11D3-BF4B-00C04F79EFBC}") = "SimulazioneVefirifaTappi.Domain", "src\SimulazioneVefirifaTappi.Domain\SimulazioneVefirifaTappi.Domain.csproj", "{B2995470-A5D6-4F74-9646-19D6D5C55598}"
EndProject
Project("{FAE04EC0-301F-11D3-BF4B-00C04F79EFBC}") = "SimulazioneVerificaTappi.Test", "test\SimulazioneVerificaTappi.Test\SimulazioneVerificaTappi.Test.csproj", "{77F5088F-11C6-4B87-AA2C-5FB0749CE80D}"
EndProject
Global
	GlobalSection(SolutionConfigurationPlatforms) = preSolution
		Debug|Any CPU = Debug|Any CPU
		Release|Any CPU = Release|Any CPU
	EndGlobalSection
	GlobalSection(ProjectConfigurationPlatforms) = postSolution
		{B2995470-A5D6-4F74-9646-19D6D5C55598}.Debug|Any CPU.ActiveCfg = Debug|Any CPU
		{B2995470-A5D6-4F74-9646-19D6D5C55598}.Debug|Any CPU.Build.0 = Debug|Any CPU
		{B2995470-A5D6-4F74-9646-19D6D5C55598}.Release|Any CPU.ActiveCfg = Release|Any CPU
		{B2995470-A5D6-4F74-9646-19D6D5C55598}.Release|Any CPU.Build.0 = Release|Any CPU
		{77F5088F-11C6-4B87-AA2C-5FB0749CE80D}.Debug|Any CPU.ActiveCfg = Debug|Any CPU
		{77F5088F-11C6-4B87-AA2C-5FB0749CE80D}.Debug|Any CPU.Build.0 = Debug|Any CPU
		{77F5088F-11C6-4B87-AA2C-5FB0749CE80D}.Release|Any CPU.ActiveCfg = Release|Any CPU
		{77F5088F-11C6-4B87-AA2C-5FB0749CE80D}.Release|Any CPU.Build.0 = Release|Any CPU
	EndGlobalSection
	GlobalSection(SolutionProperties) = preSolution
		HideSolutionNode = FALSE
	EndGlobalSection
	GlobalSection(NestedProjects) = preSolution
		{B2995470-A5D6-4F74-9646-19D6D5C55598} = {6E610B7A-9E5A-4D6C-9E03-CEF0D09BD1BD}
		{77F5088F-11C6-4B87-AA2C-5FB0749CE80D} = {921FA5AB-B3CA-4671-B951-BADBB768B545}
	EndGlobalSection
	GlobalSection(ExtensibilityGlobals) = postSolution
		SolutionGuid = {DC319884-AAAD-42A2-8854-E2079CA8983D}
	EndGlobalSection
EndGlobal
